{
  "name": "tweetfetcher",
  "version": "1.0.0",
  "lockfileVersion": 2,
  "requires": true,
  "packages": {
    "": {
      "name": "tweetfetcher",
      "version": "1.0.0",
      "license": "ISC",
      "dependencies": {
        "@types/google-apps-script": "^1.0.42"
      }
    },
    "node_modules/@types/google-apps-script": {
      "version": "1.0.42",
      "resolved": "https://registry.npmjs.org/@types/google-apps-script/-/google-apps-script-1.0.42.tgz",
      "integrity": "sha512-ypG0Lpt5PYNez0ib0geyUKcP7fT9eNJm/28RifqcQWa7JZ4OnZ2GUbAeyw5EdT7kAi3fqDiA1cWV46jMigKFpg=="
    }
  },
  "dependencies": {
    "@types/google-apps-script": {
      "version": "1.0.42",
      "resolved": "https://registry.npmjs.org/@types/google-apps-script/-/google-apps-script-1.0.42.tgz",
      "integrity": "sha512-ypG0Lpt5PYNez0ib0geyUKcP7fT9eNJm/28RifqcQWa7JZ4OnZ2GUbAeyw5EdT7kAi3fqDiA1cWV46jMigKFpg=="
    }
  }
}
